{
  "name": "lyc.xuming.studio",
  "version": "1.0.0",
  "lockfileVersion": 1,
  "requires": true,
  "dependencies": {
    "@dabh/diagnostics": {
      "version": "2.0.2",
      "resolved": "https://registry.npm.taobao.org/@dabh/diagnostics/download/@dabh/diagnostics-2.0.2.tgz?cache=0&sync_timestamp=1592848524068&other_urls=https%3A%2F%2Fregistry.npm.taobao.org%2F%40dabh%2Fdiagnostics%2Fdownload%2F%40dabh%2Fdiagnostics-2.0.2.tgz",
      "integrity": "sha1-KQ0I97OBuPlGB9yPRxoSxnX52zE=",
      "dev": true,
      "requires": {
        "colorspace": "1.1.x",
        "enabled": "2.0.x",
        "kuler": "^2.0.0"
      }
    },
    "@types/clean-css": {
      "version": "4.2.5",
      "resolved": "https://registry.nlark.com/@types/clean-css/download/@types/clean-css-4.2.5.tgz?cache=0&sync_timestamp=1625596135025&other_urls=https%3A%2F%2Fregistry.nlark.com%2F%40types%2Fclean-css%2Fdownload%2F%40types%2Fclean-css-4.2.5.tgz",
      "integrity": "sha1-ac5izBNVfJDKQEYBM/Zy3FLOr4k=",
      "dev": true,
      "requires": {
        "@types/node": "*",
        "source-map": "^0.6.0"
      }
    },
    "@types/glob": {
      "version": "7.1.4",
      "resolved": "https://registry.nlark.com/@types/glob/download/@types/glob-7.1.4.tgz",
      "integrity": "sha1-6lniHS7lxReRTLS8jkFTuZ5WZnI=",
      "dev": true,
      "requires": {
        "@types/minimatch": "*",
        "@types/node": "*"
      }
    },
    "@types/html-minifier-terser": {
      "version": "5.1.2",
      "resolved": "https://registry.nlark.com/@types/html-minifier-terser/download/@types/html-minifier-terser-5.1.2.tgz?cache=0&sync_timestamp=1625608453637&other_urls=https%3A%2F%2Fregistry.nlark.com%2F%40types%2Fhtml-minifier-terser%2Fdownload%2F%40types%2Fhtml-minifier-terser-5.1.2.tgz",
      "integrity": "sha1-aTsxatMj6pfu1rOO0aPMArFnK1c=",
      "dev": true
    },
    "@types/js-yaml": {
      "version": "4.0.2",
      "resolved": "https://registry.nlark.com/@types/js-yaml/download/@types/js-yaml-4.0.2.tgz",
      "integrity": "sha1-QReno3hZOiGOnW8O9Ezm1dnt9/o=",
      "dev": true
    },
    "@types/marked": {
      "version": "2.0.4",
      "resolved": "https://registry.nlark.com/@types/marked/download/@types/marked-2.0.4.tgz",
      "integrity": "sha1-NKDqVIr+bgwBCVIp1HtIsq9lBhM=",
      "dev": true
    },
    "@types/minimatch": {
      "version": "3.0.5",
      "resolved": "https://registry.nlark.com/@types/minimatch/download/@types/minimatch-3.0.5.tgz?cache=0&sync_timestamp=1625616310061&other_urls=https%3A%2F%2Fregistry.nlark.com%2F%40types%2Fminimatch%2Fdownload%2F%40types%2Fminimatch-3.0.5.tgz",
      "integrity": "sha1-EAHMXmo3BLg8I2An538vWOoBD0A=",
      "dev": true
    },
    "@types/node": {
      "version": "16.6.2",
      "resolved": "https://registry.npmjs.org/@types/node/-/node-16.6.2.tgz",
      "integrity": "sha512-LSw8TZt12ZudbpHc6EkIyDM3nHVWKYrAvGy6EAJfNfjusbwnThqjqxUKKRwuV3iWYeW/LYMzNgaq3MaLffQ2xA==",
      "dev": true
    },
    "argparse": {
      "version": "2.0.1",
      "resolved": "https://registry.nlark.com/argparse/download/argparse-2.0.1.tgz",
      "integrity": "sha1-JG9Q88p4oyQPbJl+ipvR6sSeSzg=",
      "dev": true
    },
    "async": {
      "version": "3.2.1",
      "resolved": "https://registry.nlark.com/async/download/async-3.2.1.tgz?cache=0&other_urls=https%3A%2F%2Fregistry.nlark.com%2Fasync%2Fdownload%2Fasync-3.2.1.tgz",
      "integrity": "sha1-0ydOxm0QekdHakxJE2qs2wBmX8g=",
      "dev": true
    },
    "balanced-match": {
      "version": "1.0.2",
      "resolved": "https://registry.nlark.com/balanced-match/download/balanced-match-1.0.2.tgz",
      "integrity": "sha1-6D46fj8wCzTLnYf2FfoMvzV2kO4=",
      "dev": true
    },
    "brace-expansion": {
      "version": "1.1.11",
      "resolved": "https://registry.npm.taobao.org/brace-expansion/download/brace-expansion-1.1.11.tgz",
      "integrity": "sha1-PH/L9SnYcibz0vUrlm/1Jx60Qd0=",
      "dev": true,
      "requires": {
        "balanced-match": "^1.0.0",
        "concat-map": "0.0.1"
      }
    },
    "buffer-from": {
      "version": "1.1.2",
      "resolved": "https://registry.nlark.com/buffer-from/download/buffer-from-1.1.2.tgz",
      "integrity": "sha1-KxRqb9cugLT1XSVfNe1Zo6mkG9U=",
      "dev": true
    },
    "camel-case": {
      "version": "4.1.2",
      "resolved": "https://registry.npm.taobao.org/camel-case/download/camel-case-4.1.2.tgz",
      "integrity": "sha1-lygHKpVPgFIoIlpt7qazhGHhvVo=",
      "dev": true,
      "requires": {
        "pascal-case": "^3.1.2",
        "tslib": "^2.0.3"
      }
    },
    "clean-css": {
      "version": "5.1.5",
      "resolved": "https://registry.nlark.com/clean-css/download/clean-css-5.1.5.tgz",
      "integrity": "sha1-OwryQNz8mjd5oIwjMt8+vUR08jI=",
      "dev": true,
      "requires": {
        "source-map": "~0.6.0"
      }
    },
    "color": {
      "version": "3.0.0",
      "resolved": "https://registry.nlark.com/color/download/color-3.0.0.tgz?cache=0&sync_timestamp=1628104117021&other_urls=https%3A%2F%2Fregistry.nlark.com%2Fcolor%2Fdownload%2Fcolor-3.0.0.tgz",
      "integrity": "sha1-2SC0Mo1TSjrIKV1o971LpsQnvpo=",
      "dev": true,
      "requires": {
        "color-convert": "^1.9.1",
        "color-string": "^1.5.2"
      }
    },
    "color-convert": {
      "version": "1.9.3",
      "resolved": "https://registry.npm.taobao.org/color-convert/download/color-convert-1.9.3.tgz",
      "integrity": "sha1-u3GFBpDh8TZWfeYp0tVHHe2kweg=",
      "dev": true,
      "requires": {
        "color-name": "1.1.3"
      }
    },
    "color-name": {
      "version": "1.1.3",
      "resolved": "https://registry.npm.taobao.org/color-name/download/color-name-1.1.3.tgz",
      "integrity": "sha1-p9BVi9icQveV3UIyj3QIMcpTvCU=",
      "dev": true
    },
    "color-string": {
      "version": "1.6.0",
      "resolved": "https://registry.nlark.com/color-string/download/color-string-1.6.0.tgz?cache=0&sync_timestamp=1626503501666&other_urls=https%3A%2F%2Fregistry.nlark.com%2Fcolor-string%2Fdownload%2Fcolor-string-1.6.0.tgz",
      "integrity": "sha1-w5FfYf4mdnLLfh4GTJ1pIhn2wxI=",
      "dev": true,
      "requires": {
        "color-name": "^1.0.0",
        "simple-swizzle": "^0.2.2"
      }
    },
    "colors": {
      "version": "1.4.0",
      "resolved": "https://registry.npm.taobao.org/colors/download/colors-1.4.0.tgz?cache=0&sync_timestamp=1589682043437&other_urls=https%3A%2F%2Fregistry.npm.taobao.org%2Fcolors%2Fdownload%2Fcolors-1.4.0.tgz",
      "integrity": "sha1-xQSRR51MG9rtLJztMs98fcI2D3g=",
      "dev": true
    },
    "colorspace": {
      "version": "1.1.2",
      "resolved": "https://registry.npm.taobao.org/colorspace/download/colorspace-1.1.2.tgz",
      "integrity": "sha1-4BKJUNCCuGohaFgHlqCqXWxo2MU=",
      "dev": true,
      "requires": {
        "color": "3.0.x",
        "text-hex": "1.0.x"
      }
    },
    "commander": {
      "version": "4.1.1",
      "resolved": "https://registry.nlark.com/commander/download/commander-4.1.1.tgz?cache=0&sync_timestamp=1627359190297&other_urls=https%3A%2F%2Fregistry.nlark.com%2Fcommander%2Fdownload%2Fcommander-4.1.1.tgz",
      "integrity": "sha1-n9YCvZNilOnp70aj9NaWQESxgGg=",
      "dev": true
    },
    "concat-map": {
      "version": "0.0.1",
      "resolved": "https://registry.npm.taobao.org/concat-map/download/concat-map-0.0.1.tgz",
      "integrity": "sha1-2Klr13/Wjfd5OnMDajug1UBdR3s=",
      "dev": true
    },
    "core-util-is": {
      "version": "1.0.2",
      "resolved": "https://registry.npm.taobao.org/core-util-is/download/core-util-is-1.0.2.tgz",
      "integrity": "sha1-tf1UIgqivFq1eqtxQMlAdUUDwac=",
      "dev": true
    },
    "dayjs": {
      "version": "1.10.6",
      "resolved": "https://registry.nlark.com/dayjs/download/dayjs-1.10.6.tgz",
      "integrity": "sha1-KIsqqC8thBimydTfWJjAc3rQKmM=",
      "dev": true
    },
    "dot-case": {
      "version": "3.0.4",
      "resolved": "https://registry.npm.taobao.org/dot-case/download/dot-case-3.0.4.tgz?cache=0&sync_timestamp=1606867306848&other_urls=https%3A%2F%2Fregistry.npm.taobao.org%2Fdot-case%2Fdownload%2Fdot-case-3.0.4.tgz",
      "integrity": "sha1-mytnDQCkMWZ6inW6Kc0bmICc51E=",
      "dev": true,
      "requires": {
        "no-case": "^3.0.4",
        "tslib": "^2.0.3"
      }
    },
    "enabled": {
      "version": "2.0.0",
      "resolved": "https://registry.npm.taobao.org/enabled/download/enabled-2.0.0.tgz",
      "integrity": "sha1-+d2S7C1vS7wNXR5k4h1hzUZl58I=",
      "dev": true
    },
    "fast-safe-stringify": {
      "version": "2.0.8",
      "resolved": "https://registry.nlark.com/fast-safe-stringify/download/fast-safe-stringify-2.0.8.tgz?cache=0&sync_timestamp=1625835811932&other_urls=https%3A%2F%2Fregistry.nlark.com%2Ffast-safe-stringify%2Fdownload%2Ffast-safe-stringify-2.0.8.tgz",
      "integrity": "sha1-3Cr0jEbPcStoPoSbK71EazLek28=",
      "dev": true
    },
    "fecha": {
      "version": "4.2.1",
      "resolved": "https://registry.npm.taobao.org/fecha/download/fecha-4.2.1.tgz?cache=0&sync_timestamp=1617639899258&other_urls=https%3A%2F%2Fregistry.npm.taobao.org%2Ffecha%2Fdownload%2Ffecha-4.2.1.tgz",
      "integrity": "sha1-CoOtj4bvYqCR4iu1oDnNA9I+7M4=",
      "dev": true
    },
    "fn.name": {
      "version": "1.1.0",
      "resolved": "https://registry.npm.taobao.org/fn.name/download/fn.name-1.1.0.tgz",
      "integrity": "sha1-JsrYAXlnrqhzG8QpYdBKPVmIrMw=",
      "dev": true
    },
    "fs.realpath": {
      "version": "1.0.0",
      "resolved": "https://registry.npm.taobao.org/fs.realpath/download/fs.realpath-1.0.0.tgz",
      "integrity": "sha1-FQStJSMVjKpA20onh8sBQRmU6k8=",
      "dev": true
    },
    "glob": {
      "version": "7.1.7",
      "resolved": "https://registry.nlark.com/glob/download/glob-7.1.7.tgz?cache=0&sync_timestamp=1620337382269&other_urls=https%3A%2F%2Fregistry.nlark.com%2Fglob%2Fdownload%2Fglob-7.1.7.tgz",
      "integrity": "sha1-Oxk+kjPwHULQs/eClLvutBj5SpA=",
      "dev": true,
      "requires": {
        "fs.realpath": "^1.0.0",
        "inflight": "^1.0.4",
        "inherits": "2",
        "minimatch": "^3.0.4",
        "once": "^1.3.0",
        "path-is-absolute": "^1.0.0"
      }
    },
    "handlebars": {
      "version": "4.7.7",
      "resolved": "https://registry.npm.taobao.org/handlebars/download/handlebars-4.7.7.tgz",
      "integrity": "sha1-nOM0FqrQLb1sj6+oJA1dmABJRaE=",
      "dev": true,
      "requires": {
        "minimist": "^1.2.5",
        "neo-async": "^2.6.0",
        "source-map": "^0.6.1",
        "uglify-js": "^3.1.4",
        "wordwrap": "^1.0.0"
      }
    },
    "he": {
      "version": "1.2.0",
      "resolved": "https://registry.npm.taobao.org/he/download/he-1.2.0.tgz",
      "integrity": "sha1-hK5l+n6vsWX922FWauFLrwVmTw8=",
      "dev": true
    },
    "html-minifier-terser": {
      "version": "5.1.1",
      "resolved": "https://registry.npm.taobao.org/html-minifier-terser/download/html-minifier-terser-5.1.1.tgz",
      "integrity": "sha1-ki6W8fO7YIMsJjS3mIQJY4mx8FQ=",
      "dev": true,
      "requires": {
        "camel-case": "^4.1.1",
        "clean-css": "^4.2.3",
        "commander": "^4.1.1",
        "he": "^1.2.0",
        "param-case": "^3.0.3",
        "relateurl": "^0.2.7",
        "terser": "^4.6.3"
      },
      "dependencies": {
        "clean-css": {
          "version": "4.2.3",
          "resolved": "https://registry.nlark.com/clean-css/download/clean-css-4.2.3.tgz",
          "integrity": "sha1-UHtd59l7SO5T2ErbAWD/YhY4D3g=",
          "dev": true,
          "requires": {
            "source-map": "~0.6.0"
          }
        },
        "terser": {
          "version": "4.8.0",
          "resolved": "https://registry.nlark.com/terser/download/terser-4.8.0.tgz",
          "integrity": "sha1-YwVjQ9fHC7KfOvZlhlpG/gOg3xc=",
          "dev": true,
          "requires": {
            "commander": "^2.20.0",
            "source-map": "~0.6.1",
            "source-map-support": "~0.5.12"
          },
          "dependencies": {
            "commander": {
              "version": "2.20.3",
              "resolved": "https://registry.nlark.com/commander/download/commander-2.20.3.tgz?cache=0&sync_timestamp=1627359190297&other_urls=https%3A%2F%2Fregistry.nlark.com%2Fcommander%2Fdownload%2Fcommander-2.20.3.tgz",
              "integrity": "sha1-/UhehMA+tIgcIHIrpIA16FMa6zM=",
              "dev": true
            }
          }
        }
      }
    },
    "inflight": {
      "version": "1.0.6",
      "resolved": "https://registry.npm.taobao.org/inflight/download/inflight-1.0.6.tgz",
      "integrity": "sha1-Sb1jMdfQLQwJvJEKEHW6gWW1bfk=",
      "dev": true,
      "requires": {
        "once": "^1.3.0",
        "wrappy": "1"
      }
    },
    "inherits": {
      "version": "2.0.4",
      "resolved": "https://registry.npm.taobao.org/inherits/download/inherits-2.0.4.tgz",
      "integrity": "sha1-D6LGT5MpF8NDOg3tVTY6rjdBa3w=",
      "dev": true
    },
    "is-arrayish": {
      "version": "0.3.2",
      "resolved": "https://registry.npm.taobao.org/is-arrayish/download/is-arrayish-0.3.2.tgz",
      "integrity": "sha1-RXSirlb3qyBolvtDHq7tBm/fjwM=",
      "dev": true
    },
    "is-stream": {
      "version": "2.0.1",
      "resolved": "https://registry.nlark.com/is-stream/download/is-stream-2.0.1.tgz",
      "integrity": "sha1-+sHj1TuXrVqdCunO8jifWBClwHc=",
      "dev": true
    },
    "isarray": {
      "version": "1.0.0",
      "resolved": "https://registry.npm.taobao.org/isarray/download/isarray-1.0.0.tgz",
      "integrity": "sha1-u5NdSFgsuhaMBoNJV6VKPgcSTxE=",
      "dev": true
    },
    "js-yaml": {
      "version": "4.1.0",
      "resolved": "https://registry.nlark.com/js-yaml/download/js-yaml-4.1.0.tgz",
      "integrity": "sha1-wftl+PUBeQHN0slRhkuhhFihBgI=",
      "dev": true,
      "requires": {
        "argparse": "^2.0.1"
      }
    },
    "kuler": {
      "version": "2.0.0",
      "resolved": "https://registry.npm.taobao.org/kuler/download/kuler-2.0.0.tgz",
      "integrity": "sha1-4sVwo4ADiPtEQH6FFTHB1nCwYbM=",
      "dev": true
    },
    "logform": {
      "version": "2.2.0",
      "resolved": "https://registry.npm.taobao.org/logform/download/logform-2.2.0.tgz?cache=0&sync_timestamp=1592728526405&other_urls=https%3A%2F%2Fregistry.npm.taobao.org%2Flogform%2Fdownload%2Flogform-2.2.0.tgz",
      "integrity": "sha1-QPA20ZFh/Ha2irUP3H/klVREkvI=",
      "dev": true,
      "requires": {
        "colors": "^1.2.1",
        "fast-safe-stringify": "^2.0.4",
        "fecha": "^4.2.0",
        "ms": "^2.1.1",
        "triple-beam": "^1.3.0"
      }
    },
    "lower-case": {
      "version": "2.0.2",
      "resolved": "https://registry.nlark.com/lower-case/download/lower-case-2.0.2.tgz",
      "integrity": "sha1-b6I3xj29xKgsoP2ILkci3F5jTig=",
      "dev": true,
      "requires": {
        "tslib": "^2.0.3"
      }
    },
    "marked": {
      "version": "3.0.2",
      "resolved": "https://registry.npmjs.org/marked/-/marked-3.0.2.tgz",
      "integrity": "sha512-TMJQQ79Z0e3rJYazY0tIoMsFzteUGw9fB3FD+gzuIT3zLuG9L9ckIvUfF51apdJkcqc208jJN2KbtPbOvXtbjA==",
      "dev": true
    },
    "minimatch": {
      "version": "3.0.4",
      "resolved": "https://registry.npm.taobao.org/minimatch/download/minimatch-3.0.4.tgz",
      "integrity": "sha1-UWbihkV/AzBgZL5Ul+jbsMPTIIM=",
      "dev": true,
      "requires": {
        "brace-expansion": "^1.1.7"
      }
    },
    "minimist": {
      "version": "1.2.5",
      "resolved": "https://registry.npm.taobao.org/minimist/download/minimist-1.2.5.tgz",
      "integrity": "sha1-Z9ZgFLZqaoqqDAg8X9WN9OTpdgI=",
      "dev": true
    },
    "ms": {
      "version": "2.1.3",
      "resolved": "https://registry.npm.taobao.org/ms/download/ms-2.1.3.tgz?cache=0&sync_timestamp=1607433926553&other_urls=https%3A%2F%2Fregistry.npm.taobao.org%2Fms%2Fdownload%2Fms-2.1.3.tgz",
      "integrity": "sha1-V0yBOM4dK1hh8LRFedut1gxmFbI=",
      "dev": true
    },
    "neo-async": {
      "version": "2.6.2",
      "resolved": "https://registry.npm.taobao.org/neo-async/download/neo-async-2.6.2.tgz",
      "integrity": "sha1-tKr7k+OustgXTKU88WOrfXMIMF8=",
      "dev": true
    },
    "no-case": {
      "version": "3.0.4",
      "resolved": "https://registry.npm.taobao.org/no-case/download/no-case-3.0.4.tgz?cache=0&sync_timestamp=1606867290260&other_urls=https%3A%2F%2Fregistry.npm.taobao.org%2Fno-case%2Fdownload%2Fno-case-3.0.4.tgz",
      "integrity": "sha1-02H9XJgA9VhVGoNp/A3NRmK2Ek0=",
      "dev": true,
      "requires": {
        "lower-case": "^2.0.2",
        "tslib": "^2.0.3"
      }
    },
    "once": {
      "version": "1.4.0",
      "resolved": "https://registry.npm.taobao.org/once/download/once-1.4.0.tgz",
      "integrity": "sha1-WDsap3WWHUsROsF9nFC6753Xa9E=",
      "dev": true,
      "requires": {
        "wrappy": "1"
      }
    },
    "one-time": {
      "version": "1.0.0",
      "resolved": "https://registry.npm.taobao.org/one-time/download/one-time-1.0.0.tgz",
      "integrity": "sha1-4GvBdK7SFO1Y7e3lc7Qzu/gny0U=",
      "dev": true,
      "requires": {
        "fn.name": "1.x.x"
      }
    },
    "param-case": {
      "version": "3.0.4",
      "resolved": "https://registry.npm.taobao.org/param-case/download/param-case-3.0.4.tgz?cache=0&sync_timestamp=1606867288643&other_urls=https%3A%2F%2Fregistry.npm.taobao.org%2Fparam-case%2Fdownload%2Fparam-case-3.0.4.tgz",
      "integrity": "sha1-fRf+SqEr3jTUp32RrPtiGcqtAcU=",
      "dev": true,
      "requires": {
        "dot-case": "^3.0.4",
        "tslib": "^2.0.3"
      }
    },
    "pascal-case": {
      "version": "3.1.2",
      "resolved": "https://registry.npm.taobao.org/pascal-case/download/pascal-case-3.1.2.tgz?cache=0&sync_timestamp=1606867306970&other_urls=https%3A%2F%2Fregistry.npm.taobao.org%2Fpascal-case%2Fdownload%2Fpascal-case-3.1.2.tgz",
      "integrity": "sha1-tI4O8rmOIF58Ha50fQsVCCN2YOs=",
      "dev": true,
      "requires": {
        "no-case": "^3.0.4",
        "tslib": "^2.0.3"
      }
    },
    "path-is-absolute": {
      "version": "1.0.1",
      "resolved": "https://registry.npm.taobao.org/path-is-absolute/download/path-is-absolute-1.0.1.tgz",
      "integrity": "sha1-F0uSaHNVNP+8es5r9TpanhtcX18=",
      "dev": true
    },
    "process-nextick-args": {
      "version": "2.0.1",
      "resolved": "https://registry.npm.taobao.org/process-nextick-args/download/process-nextick-args-2.0.1.tgz",
      "integrity": "sha1-eCDZsWEgzFXKmud5JoCufbptf+I=",
      "dev": true
    },
    "readable-stream": {
      "version": "3.6.0",
      "resolved": "https://registry.npm.taobao.org/readable-stream/download/readable-stream-3.6.0.tgz",
      "integrity": "sha1-M3u9o63AcGvT4CRCaihtS0sskZg=",
      "dev": true,
      "requires": {
        "inherits": "^2.0.3",
        "string_decoder": "^1.1.1",
        "util-deprecate": "^1.0.1"
      }
    },
    "relateurl": {
      "version": "0.2.7",
      "resolved": "https://registry.npm.taobao.org/relateurl/download/relateurl-0.2.7.tgz",
      "integrity": "sha1-VNvzd+UUQKypCkzSdGANP/LYiKk=",
      "dev": true
    },
    "rimraf": {
      "version": "3.0.2",
      "resolved": "https://registry.npm.taobao.org/rimraf/download/rimraf-3.0.2.tgz",
      "integrity": "sha1-8aVAK6YiCtUswSgrrBrjqkn9Bho=",
      "dev": true,
      "requires": {
        "glob": "^7.1.3"
      }
    },
    "safe-buffer": {
      "version": "5.2.1",
      "resolved": "https://registry.npm.taobao.org/safe-buffer/download/safe-buffer-5.2.1.tgz",
      "integrity": "sha1-Hq+fqb2x/dTsdfWPnNtOa3gn7sY=",
      "dev": true
    },
    "simple-swizzle": {
      "version": "0.2.2",
      "resolved": "https://registry.npm.taobao.org/simple-swizzle/download/simple-swizzle-0.2.2.tgz",
      "integrity": "sha1-pNprY1/8zMoz9w0Xy5JZLeleVXo=",
      "dev": true,
      "requires": {
        "is-arrayish": "^0.3.1"
      }
    },
    "source-map": {
      "version": "0.6.1",
      "resolved": "https://registry.npm.taobao.org/source-map/download/source-map-0.6.1.tgz",
      "integrity": "sha1-dHIq8y6WFOnCh6jQu95IteLxomM=",
      "dev": true
    },
    "source-map-support": {
      "version": "0.5.19",
      "resolved": "https://registry.npm.taobao.org/source-map-support/download/source-map-support-0.5.19.tgz?cache=0&sync_timestamp=1587719289626&other_urls=https%3A%2F%2Fregistry.npm.taobao.org%2Fsource-map-support%2Fdownload%2Fsource-map-support-0.5.19.tgz",
      "integrity": "sha1-qYti+G3K9PZzmWSMCFKRq56P7WE=",
      "dev": true,
      "requires": {
        "buffer-from": "^1.0.0",
        "source-map": "^0.6.0"
      }
    },
    "stack-trace": {
      "version": "0.0.10",
      "resolved": "https://registry.nlark.com/stack-trace/download/stack-trace-0.0.10.tgz?cache=0&sync_timestamp=1620387770510&other_urls=https%3A%2F%2Fregistry.nlark.com%2Fstack-trace%2Fdownload%2Fstack-trace-0.0.10.tgz",
      "integrity": "sha1-VHxws0fo0ytOEI6hoqFZ5f3eGcA=",
      "dev": true
    },
    "string_decoder": {
      "version": "1.3.0",
      "resolved": "https://registry.npm.taobao.org/string_decoder/download/string_decoder-1.3.0.tgz",
      "integrity": "sha1-QvEUWUpGzxqOMLCoT1bHjD7awh4=",
      "dev": true,
      "requires": {
        "safe-buffer": "~5.2.0"
      }
    },
    "terser": {
      "version": "5.7.1",
      "resolved": "https://registry.nlark.com/terser/download/terser-5.7.1.tgz",
      "integrity": "sha1-LcemEAm2a7Y4MFyyqCR2OxFr94Q=",
      "dev": true,
      "requires": {
        "commander": "^2.20.0",
        "source-map": "~0.7.2",
        "source-map-support": "~0.5.19"
      },
      "dependencies": {
        "commander": {
          "version": "2.20.3",
          "resolved": "https://registry.nlark.com/commander/download/commander-2.20.3.tgz?cache=0&sync_timestamp=1627359190297&other_urls=https%3A%2F%2Fregistry.nlark.com%2Fcommander%2Fdownload%2Fcommander-2.20.3.tgz",
          "integrity": "sha1-/UhehMA+tIgcIHIrpIA16FMa6zM=",
          "dev": true
        },
        "source-map": {
          "version": "0.7.3",
          "resolved": "https://registry.npm.taobao.org/source-map/download/source-map-0.7.3.tgz",
          "integrity": "sha1-UwL4FpAxc1ImVECS5kmB91F1A4M=",
          "dev": true
        }
      }
    },
    "text-hex": {
      "version": "1.0.0",
      "resolved": "https://registry.npm.taobao.org/text-hex/download/text-hex-1.0.0.tgz",
      "integrity": "sha1-adycGxdEbueakr9biEu0uRJ1BvU=",
      "dev": true
    },
    "triple-beam": {
      "version": "1.3.0",
      "resolved": "https://registry.npm.taobao.org/triple-beam/download/triple-beam-1.3.0.tgz",
      "integrity": "sha1-pZUhTHKY24M57u7gg+TRC9jLjdk=",
      "dev": true
    },
    "tslib": {
      "version": "2.3.1",
      "resolved": "https://registry.nlark.com/tslib/download/tslib-2.3.1.tgz?cache=0&sync_timestamp=1628722556410&other_urls=https%3A%2F%2Fregistry.nlark.com%2Ftslib%2Fdownload%2Ftslib-2.3.1.tgz",
      "integrity": "sha1-6KM1rdXOrlGqJh0ypJAVjvBC7wE=",
      "dev": true
    },
    "typescript": {
      "version": "4.3.5",
      "resolved": "https://registry.nlark.com/typescript/download/typescript-4.3.5.tgz?cache=0&sync_timestamp=1628839102329&other_urls=https%3A%2F%2Fregistry.nlark.com%2Ftypescript%2Fdownload%2Ftypescript-4.3.5.tgz",
      "integrity": "sha1-TRw3zBbok5c8RaBohrcRMjTxGfQ=",
      "dev": true
    },
    "uglify-js": {
      "version": "3.14.1",
      "resolved": "https://registry.nlark.com/uglify-js/download/uglify-js-3.14.1.tgz?cache=0&sync_timestamp=1627379699154&other_urls=https%3A%2F%2Fregistry.nlark.com%2Fuglify-js%2Fdownload%2Fuglify-js-3.14.1.tgz",
      "integrity": "sha1-4suf4025y0z3410dJt/qKOCafQY=",
      "dev": true,
      "optional": true
    },
    "util-deprecate": {
      "version": "1.0.2",
      "resolved": "https://registry.npm.taobao.org/util-deprecate/download/util-deprecate-1.0.2.tgz",
      "integrity": "sha1-RQ1Nyfpw3nMnYvvS1KKJgUGaDM8=",
      "dev": true
    },
    "winston": {
      "version": "3.3.3",
      "resolved": "https://registry.npm.taobao.org/winston/download/winston-3.3.3.tgz?cache=0&sync_timestamp=1592949977935&other_urls=https%3A%2F%2Fregistry.npm.taobao.org%2Fwinston%2Fdownload%2Fwinston-3.3.3.tgz",
      "integrity": "sha1-rmFyBCyvspeGr6PQnI/4M6t8kXA=",
      "dev": true,
      "requires": {
        "@dabh/diagnostics": "^2.0.2",
        "async": "^3.1.0",
        "is-stream": "^2.0.0",
        "logform": "^2.2.0",
        "one-time": "^1.0.0",
        "readable-stream": "^3.4.0",
        "stack-trace": "0.0.x",
        "triple-beam": "^1.3.0",
        "winston-transport": "^4.4.0"
      }
    },
    "winston-transport": {
      "version": "4.4.0",
      "resolved": "https://registry.npm.taobao.org/winston-transport/download/winston-transport-4.4.0.tgz",
      "integrity": "sha1-F69RjappDVsuzMqnrPeyDKeSXlk=",
      "dev": true,
      "requires": {
        "readable-stream": "^2.3.7",
        "triple-beam": "^1.2.0"
      },
      "dependencies": {
        "readable-stream": {
          "version": "2.3.7",
          "resolved": "https://registry.npm.taobao.org/readable-stream/download/readable-stream-2.3.7.tgz",
          "integrity": "sha1-Hsoc9xGu+BTAT2IlKjamL2yyO1c=",
          "dev": true,
          "requires": {
            "core-util-is": "~1.0.0",
            "inherits": "~2.0.3",
            "isarray": "~1.0.0",
            "process-nextick-args": "~2.0.0",
            "safe-buffer": "~5.1.1",
            "string_decoder": "~1.1.1",
            "util-deprecate": "~1.0.1"
          }
        },
        "safe-buffer": {
          "version": "5.1.2",
          "resolved": "https://registry.npm.taobao.org/safe-buffer/download/safe-buffer-5.1.2.tgz",
          "integrity": "sha1-mR7GnSluAxN0fVm9/St0XDX4go0=",
          "dev": true
        },
        "string_decoder": {
          "version": "1.1.1",
          "resolved": "https://registry.npm.taobao.org/string_decoder/download/string_decoder-1.1.1.tgz",
          "integrity": "sha1-nPFhG6YmhdcDCunkujQUnDrwP8g=",
          "dev": true,
          "requires": {
            "safe-buffer": "~5.1.0"
          }
        }
      }
    },
    "wordwrap": {
      "version": "1.0.0",
      "resolved": "https://registry.nlark.com/wordwrap/download/wordwrap-1.0.0.tgz",
      "integrity": "sha1-J1hIEIkUVqQXHI0CJkQa3pDLyus=",
      "dev": true
    },
    "wrappy": {
      "version": "1.0.2",
      "resolved": "https://registry.nlark.com/wrappy/download/wrappy-1.0.2.tgz",
      "integrity": "sha1-tSQ9jz7BqjXxNkYFvA0QNuMKtp8=",
      "dev": true
    }
  }
}
